version: 2.0
shards:
  ameba:
    git: https://github.com/crystal-ameba/ameba.git
    version: 1.6.4

  arcana:
    git: https://github.com/trans/arcana.git
    version: 0.2.1

  db:
    git: https://github.com/crystal-lang/crystal-db.git
    version: 0.14.0

  ignore:
    git: https://github.com/trans/ignore.git
    version: 0.4.1

  jargon:
    git: https://github.com/trans/jargon.git
    version: 0.16.0

  magic:
    git: https://github.com/naqvis/magic.cr.git
    version: 0.1.0+git.commit.48388767a31b305ee15422caef01253667f8ec2f

  sqlite3:
    git: https://github.com/crystal-lang/crystal-sqlite3.git
    version: 0.22.0

  usearch:
    git: https://github.com/trans/usearch.cr.git
    version: 0.1.1

