version: 2.0
shards:
  ameba:
    git: https://github.com/crystal-ameba/ameba.git
    version: 1.6.4

  clj:
    git: https://github.com/trans/clj.git
    version: 0.2.1+git.commit.8a2a1f9659e371a413b8ad7e0e2dab64022cce41

  db:
    git: https://github.com/crystal-lang/crystal-db.git
    version: 0.14.0

  sqlite3:
    git: https://github.com/crystal-lang/crystal-sqlite3.git
    version: 0.22.0

